
Microsoft Visual Studio Solution File, Format Version 11.00
# Visual Studio 2010
Project("{FAE04EC0-301F-11D3-BF4B-00C04F79EFBC}") = "Engine", "Engine\Engine.csproj", "{13D4B9DD-759E-491F-BDD6-23FF20B1003E}"
EndProject
Project("{FAE04EC0-301F-11D3-BF4B-00C04F79EFBC}") = "EngineTest", "EngineTest\EngineTest.csproj", "{D4F8226A-6C92-4DD9-A27F-A529137F5209}"
EndProject
Project("{FAE04EC0-301F-11D3-BF4B-00C04F79EFBC}") = "EngineContracts", "EngineContracts\EngineContracts.csproj", "{7C0D2447-9780-4DB0-8C88-673AB333AFA7}"
EndProject
Project("{FAE04EC0-301F-11D3-BF4B-00C04F79EFBC}") = "Infrastructure", "Infrastructure\Infrastructure.csproj", "{1C5CADC4-F8CF-41B4-8781-048B3910E72B}"
EndProject
Global
	GlobalSection(SolutionConfigurationPlatforms) = preSolution
		Debug|Any CPU = Debug|Any CPU
		Debug|Mixed Platforms = Debug|Mixed Platforms
		Debug|x86 = Debug|x86
		Default|Any CPU = Default|Any CPU
		Default|Mixed Platforms = Default|Mixed Platforms
		Default|x86 = Default|x86
		Release|Any CPU = Release|Any CPU
		Release|Mixed Platforms = Release|Mixed Platforms
		Release|x86 = Release|x86
	EndGlobalSection
	GlobalSection(ProjectConfigurationPlatforms) = postSolution
		{13D4B9DD-759E-491F-BDD6-23FF20B1003E}.Debug|Any CPU.ActiveCfg = Debug|Any CPU
		{13D4B9DD-759E-491F-BDD6-23FF20B1003E}.Debug|Any CPU.Build.0 = Debug|Any CPU
		{13D4B9DD-759E-491F-BDD6-23FF20B1003E}.Debug|Mixed Platforms.ActiveCfg = Debug|Any CPU
		{13D4B9DD-759E-491F-BDD6-23FF20B1003E}.Debug|Mixed Platforms.Build.0 = Debug|Any CPU
		{13D4B9DD-759E-491F-BDD6-23FF20B1003E}.Debug|x86.ActiveCfg = Debug|Any CPU
		{13D4B9DD-759E-491F-BDD6-23FF20B1003E}.Debug|x86.Build.0 = Debug|Any CPU
		{13D4B9DD-759E-491F-BDD6-23FF20B1003E}.Default|Any CPU.ActiveCfg = Debug|Any CPU
		{13D4B9DD-759E-491F-BDD6-23FF20B1003E}.Default|Any CPU.Build.0 = Debug|Any CPU
		{13D4B9DD-759E-491F-BDD6-23FF20B1003E}.Default|Mixed Platforms.ActiveCfg = Debug|Any CPU
		{13D4B9DD-759E-491F-BDD6-23FF20B1003E}.Default|Mixed Platforms.Build.0 = Debug|Any CPU
		{13D4B9DD-759E-491F-BDD6-23FF20B1003E}.Default|x86.ActiveCfg = Debug|Any CPU
		{13D4B9DD-759E-491F-BDD6-23FF20B1003E}.Release|Any CPU.ActiveCfg = Release|Any CPU
		{13D4B9DD-759E-491F-BDD6-23FF20B1003E}.Release|Any CPU.Build.0 = Release|Any CPU
		{13D4B9DD-759E-491F-BDD6-23FF20B1003E}.Release|Mixed Platforms.ActiveCfg = Release|Any CPU
		{13D4B9DD-759E-491F-BDD6-23FF20B1003E}.Release|Mixed Platforms.Build.0 = Release|Any CPU
		{13D4B9DD-759E-491F-BDD6-23FF20B1003E}.Release|x86.ActiveCfg = Release|Any CPU
		{1C5CADC4-F8CF-41B4-8781-048B3910E72B}.Debug|Any CPU.ActiveCfg = Debug|Any CPU
		{1C5CADC4-F8CF-41B4-8781-048B3910E72B}.Debug|Any CPU.Build.0 = Debug|Any CPU
		{1C5CADC4-F8CF-41B4-8781-048B3910E72B}.Debug|Mixed Platforms.ActiveCfg = Debug|Any CPU
		{1C5CADC4-F8CF-41B4-8781-048B3910E72B}.Debug|Mixed Platforms.Build.0 = Debug|Any CPU
		{1C5CADC4-F8CF-41B4-8781-048B3910E72B}.Debug|x86.ActiveCfg = Debug|Any CPU
		{1C5CADC4-F8CF-41B4-8781-048B3910E72B}.Debug|x86.Build.0 = Debug|Any CPU
		{1C5CADC4-F8CF-41B4-8781-048B3910E72B}.Default|Any CPU.ActiveCfg = Debug|Any CPU
		{1C5CADC4-F8CF-41B4-8781-048B3910E72B}.Default|Any CPU.Build.0 = Debug|Any CPU
		{1C5CADC4-F8CF-41B4-8781-048B3910E72B}.Default|Mixed Platforms.ActiveCfg = Debug|Any CPU
		{1C5CADC4-F8CF-41B4-8781-048B3910E72B}.Default|Mixed Platforms.Build.0 = Debug|Any CPU
		{1C5CADC4-F8CF-41B4-8781-048B3910E72B}.Default|x86.ActiveCfg = Debug|Any CPU
		{1C5CADC4-F8CF-41B4-8781-048B3910E72B}.Default|x86.Build.0 = Debug|Any CPU
		{1C5CADC4-F8CF-41B4-8781-048B3910E72B}.Release|Any CPU.ActiveCfg = Release|Any CPU
		{1C5CADC4-F8CF-41B4-8781-048B3910E72B}.Release|Any CPU.Build.0 = Release|Any CPU
		{1C5CADC4-F8CF-41B4-8781-048B3910E72B}.Release|Mixed Platforms.ActiveCfg = Release|Any CPU
		{1C5CADC4-F8CF-41B4-8781-048B3910E72B}.Release|Mixed Platforms.Build.0 = Release|Any CPU
		{1C5CADC4-F8CF-41B4-8781-048B3910E72B}.Release|x86.ActiveCfg = Release|Any CPU
		{1C5CADC4-F8CF-41B4-8781-048B3910E72B}.Release|x86.Build.0 = Release|Any CPU
		{7C0D2447-9780-4DB0-8C88-673AB333AFA7}.Debug|Any CPU.ActiveCfg = Debug|Any CPU
		{7C0D2447-9780-4DB0-8C88-673AB333AFA7}.Debug|Any CPU.Build.0 = Debug|Any CPU
		{7C0D2447-9780-4DB0-8C88-673AB333AFA7}.Debug|Mixed Platforms.ActiveCfg = Debug|Any CPU
		{7C0D2447-9780-4DB0-8C88-673AB333AFA7}.Debug|Mixed Platforms.Build.0 = Debug|Any CPU
		{7C0D2447-9780-4DB0-8C88-673AB333AFA7}.Debug|x86.ActiveCfg = Debug|Any CPU
		{7C0D2447-9780-4DB0-8C88-673AB333AFA7}.Debug|x86.Build.0 = Debug|Any CPU
		{7C0D2447-9780-4DB0-8C88-673AB333AFA7}.Default|Any CPU.ActiveCfg = Debug|Any CPU
		{7C0D2447-9780-4DB0-8C88-673AB333AFA7}.Default|Any CPU.Build.0 = Debug|Any CPU
		{7C0D2447-9780-4DB0-8C88-673AB333AFA7}.Default|Mixed Platforms.ActiveCfg = Debug|Any CPU
		{7C0D2447-9780-4DB0-8C88-673AB333AFA7}.Default|Mixed Platforms.Build.0 = Debug|Any CPU
		{7C0D2447-9780-4DB0-8C88-673AB333AFA7}.Default|x86.ActiveCfg = Debug|Any CPU
		{7C0D2447-9780-4DB0-8C88-673AB333AFA7}.Default|x86.Build.0 = Debug|Any CPU
		{7C0D2447-9780-4DB0-8C88-673AB333AFA7}.Release|Any CPU.ActiveCfg = Release|Any CPU
		{7C0D2447-9780-4DB0-8C88-673AB333AFA7}.Release|Any CPU.Build.0 = Release|Any CPU
		{7C0D2447-9780-4DB0-8C88-673AB333AFA7}.Release|Mixed Platforms.ActiveCfg = Release|Any CPU
		{7C0D2447-9780-4DB0-8C88-673AB333AFA7}.Release|Mixed Platforms.Build.0 = Release|Any CPU
		{7C0D2447-9780-4DB0-8C88-673AB333AFA7}.Release|x86.ActiveCfg = Release|Any CPU
		{7C0D2447-9780-4DB0-8C88-673AB333AFA7}.Release|x86.Build.0 = Release|Any CPU
		{D4F8226A-6C92-4DD9-A27F-A529137F5209}.Debug|Any CPU.ActiveCfg = Debug|Any CPU
		{D4F8226A-6C92-4DD9-A27F-A529137F5209}.Debug|Any CPU.Build.0 = Debug|Any CPU
		{D4F8226A-6C92-4DD9-A27F-A529137F5209}.Debug|Mixed Platforms.ActiveCfg = Debug|Any CPU
		{D4F8226A-6C92-4DD9-A27F-A529137F5209}.Debug|Mixed Platforms.Build.0 = Debug|Any CPU
		{D4F8226A-6C92-4DD9-A27F-A529137F5209}.Debug|x86.ActiveCfg = Debug|Any CPU
		{D4F8226A-6C92-4DD9-A27F-A529137F5209}.Debug|x86.Build.0 = Debug|Any CPU
		{D4F8226A-6C92-4DD9-A27F-A529137F5209}.Default|Any CPU.ActiveCfg = Debug|Any CPU
		{D4F8226A-6C92-4DD9-A27F-A529137F5209}.Default|Any CPU.Build.0 = Debug|Any CPU
		{D4F8226A-6C92-4DD9-A27F-A529137F5209}.Default|Mixed Platforms.ActiveCfg = Debug|Any CPU
		{D4F8226A-6C92-4DD9-A27F-A529137F5209}.Default|Mixed Platforms.Build.0 = Debug|Any CPU
		{D4F8226A-6C92-4DD9-A27F-A529137F5209}.Default|x86.ActiveCfg = Debug|Any CPU
		{D4F8226A-6C92-4DD9-A27F-A529137F5209}.Release|Any CPU.ActiveCfg = Release|Any CPU
		{D4F8226A-6C92-4DD9-A27F-A529137F5209}.Release|Any CPU.Build.0 = Release|Any CPU
		{D4F8226A-6C92-4DD9-A27F-A529137F5209}.Release|Mixed Platforms.ActiveCfg = Release|Any CPU
		{D4F8226A-6C92-4DD9-A27F-A529137F5209}.Release|Mixed Platforms.Build.0 = Release|Any CPU
		{D4F8226A-6C92-4DD9-A27F-A529137F5209}.Release|x86.ActiveCfg = Release|Any CPU
	EndGlobalSection
	GlobalSection(MonoDevelopProperties) = preSolution
		StartupItem = Infrastructure\Infrastructure.csproj
	EndGlobalSection
	GlobalSection(SolutionProperties) = preSolution
		HideSolutionNode = FALSE
	EndGlobalSection
EndGlobal
