
Microsoft Visual Studio Solution File, Format Version 11.00
# Visual Studio 2010
Project("{FAE04EC0-301F-11D3-BF4B-00C04F79EFBC}") = "Engine", "Engine\Engine.csproj", "{13D4B9DD-759E-491F-BDD6-23FF20B1003E}"
EndProject
Project("{FAE04EC0-301F-11D3-BF4B-00C04F79EFBC}") = "EngineTest", "EngineTest\EngineTest.csproj", "{D4F8226A-6C92-4DD9-A27F-A529137F5209}"
EndProject
Project("{FAE04EC0-301F-11D3-BF4B-00C04F79EFBC}") = "Infrastructure", "Infrastructure\Infrastructure.csproj", "{1C5CADC4-F8CF-41B4-8781-048B3910E72B}"
EndProject
Project("{FAE04EC0-301F-11D3-BF4B-00C04F79EFBC}") = "Game", "Game\Game.csproj", "{2808EA60-404F-4FB6-BDC1-0299A3E57FF5}"
EndProject
Project("{2150E333-8FDC-42A3-9474-1A3956D46DE8}") = ".nuget", ".nuget", "{D9844F82-3AC8-44B4-B0FD-05581559CB37}"
	ProjectSection(SolutionItems) = preProject
		.nuget\packages.config = .nuget\packages.config
	EndProjectSection
EndProject
Project("{FAE04EC0-301F-11D3-BF4B-00C04F79EFBC}") = "GameTest", "GameTest\GameTest.csproj", "{0104BD55-2F79-4A2A-ADD3-B6D21B7F55BA}"
EndProject
Project("{FAE04EC0-301F-11D3-BF4B-00C04F79EFBC}") = "LevelGeneratorTester", "LevelGeneratorTester\LevelGeneratorTester.csproj", "{FE3962D7-9408-46F6-910F-D0C7B7DA2900}"
EndProject
Global
	GlobalSection(SolutionConfigurationPlatforms) = preSolution
		Debug|Any CPU = Debug|Any CPU
		Release|Any CPU = Release|Any CPU
	EndGlobalSection
	GlobalSection(ProjectConfigurationPlatforms) = postSolution
		{0104BD55-2F79-4A2A-ADD3-B6D21B7F55BA}.Debug|Any CPU.ActiveCfg = Debug|x86
		{0104BD55-2F79-4A2A-ADD3-B6D21B7F55BA}.Release|Any CPU.ActiveCfg = Release|x86
		{13D4B9DD-759E-491F-BDD6-23FF20B1003E}.Debug|Any CPU.ActiveCfg = Debug|Any CPU
		{13D4B9DD-759E-491F-BDD6-23FF20B1003E}.Debug|Any CPU.Build.0 = Debug|Any CPU
		{13D4B9DD-759E-491F-BDD6-23FF20B1003E}.Release|Any CPU.ActiveCfg = Release|Any CPU
		{13D4B9DD-759E-491F-BDD6-23FF20B1003E}.Release|Any CPU.Build.0 = Release|Any CPU
		{1C5CADC4-F8CF-41B4-8781-048B3910E72B}.Debug|Any CPU.ActiveCfg = Debug|Any CPU
		{1C5CADC4-F8CF-41B4-8781-048B3910E72B}.Debug|Any CPU.Build.0 = Debug|Any CPU
		{1C5CADC4-F8CF-41B4-8781-048B3910E72B}.Release|Any CPU.ActiveCfg = Release|Any CPU
		{1C5CADC4-F8CF-41B4-8781-048B3910E72B}.Release|Any CPU.Build.0 = Release|Any CPU
		{2808EA60-404F-4FB6-BDC1-0299A3E57FF5}.Debug|Any CPU.ActiveCfg = Debug|Any CPU
		{2808EA60-404F-4FB6-BDC1-0299A3E57FF5}.Debug|Any CPU.Build.0 = Debug|Any CPU
		{2808EA60-404F-4FB6-BDC1-0299A3E57FF5}.Release|Any CPU.ActiveCfg = Release|Any CPU
		{2808EA60-404F-4FB6-BDC1-0299A3E57FF5}.Release|Any CPU.Build.0 = Release|Any CPU
		{D4F8226A-6C92-4DD9-A27F-A529137F5209}.Debug|Any CPU.ActiveCfg = Debug|Any CPU
		{D4F8226A-6C92-4DD9-A27F-A529137F5209}.Debug|Any CPU.Build.0 = Debug|Any CPU
		{D4F8226A-6C92-4DD9-A27F-A529137F5209}.Release|Any CPU.ActiveCfg = Release|Any CPU
		{D4F8226A-6C92-4DD9-A27F-A529137F5209}.Release|Any CPU.Build.0 = Release|Any CPU
		{FE3962D7-9408-46F6-910F-D0C7B7DA2900}.Debug|Any CPU.ActiveCfg = Debug|Any CPU
		{FE3962D7-9408-46F6-910F-D0C7B7DA2900}.Debug|Any CPU.Build.0 = Debug|Any CPU
		{FE3962D7-9408-46F6-910F-D0C7B7DA2900}.Release|Any CPU.ActiveCfg = Release|Any CPU
		{FE3962D7-9408-46F6-910F-D0C7B7DA2900}.Release|Any CPU.Build.0 = Release|Any CPU
	EndGlobalSection
	GlobalSection(NestedProjects) = preSolution
	EndGlobalSection
	GlobalSection(MonoDevelopProperties) = preSolution
		StartupItem = LevelGeneratorTester\LevelGeneratorTester.csproj
	EndGlobalSection
	GlobalSection(SolutionProperties) = preSolution
		HideSolutionNode = FALSE
	EndGlobalSection
EndGlobal
